// !$*UTF8*$!
{
	archiveVersion = 1;
	classes = {
	};
	objectVersion = 77;
	objects = {

/* Begin PBXBuildFile section */
		26371EFC2E1735EC00CC1D2A /* Landmark.swift in Sources */ = {isa = PBXBuildFile; fileRef = 26371EF62E1735EC00CC1D2A /* Landmark.swift */; };
		26371EFD2E1735EC00CC1D2A /* LandmarksApp.swift in Sources */ = {isa = PBXBuildFile; fileRef = 26371EF82E1735EC00CC1D2A /* LandmarksApp.swift */; };
		26371EFE2E1735EC00CC1D2A /* ModelData.swift in Sources */ = {isa = PBXBuildFile; fileRef = 26371EFA2E1735EC00CC1D2A /* ModelData.swift */; };
		26371EFF2E1735EC00CC1D2A /* ContentView.swift in Sources */ = {isa = PBXBuildFile; fileRef = 26371EF52E1735EC00CC1D2A /* ContentView.swift */; };
		26371F002E1735EC00CC1D2A /* CircleImage.swift in Sources */ = {isa = PBXBuildFile; fileRef = 26371EF42E1735EC00CC1D2A /* CircleImage.swift */; };
		26371F012E1735EC00CC1D2A /* MapView.swift in Sources */ = {isa = PBXBuildFile; fileRef = 26371EF92E1735EC00CC1D2A /* MapView.swift */; };
		26371F022E1735EC00CC1D2A /* Assets.xcassets in Resources */ = {isa = PBXBuildFile; fileRef = 26371EF32E1735EC00CC1D2A /* Assets.xcassets */; };
		26371F032E1735EC00CC1D2A /* landmarkData.json in Resources */ = {isa = PBXBuildFile; fileRef = 26371EF72E1735EC00CC1D2A /* landmarkData.json */; };
		26371F082E1736B800CC1D2A /* LandmarkRow.swift in Sources */ = {isa = PBXBuildFile; fileRef = 26371F072E1736B800CC1D2A /* LandmarkRow.swift */; };
		26371F0A2E1737F300CC1D2A /* LandmarkList.swift in Sources */ = {isa = PBXBuildFile; fileRef = 26371F092E1737F300CC1D2A /* LandmarkList.swift */; };
		26371F0C2E1738B200CC1D2A /* LandmarkDetail.swift in Sources */ = {isa = PBXBuildFile; fileRef = 26371F0B2E1738B200CC1D2A /* LandmarkDetail.swift */; };
                26371F0E2E17418700CC1D2A /* FavoriteButton.swift in Sources */ = {isa = PBXBuildFile; fileRef = 26371F0D2E17418700CC1D2A /* FavoriteButton.swift */; };
                263F00012E1735EC00CC1D2A /* NPSService.swift in Sources */ = {isa = PBXBuildFile; fileRef = 263F00002E1735EC00CC1D2A /* NPSService.swift */; };
                263C10002E1746AA00CC1D2A /* ModelDataTests.swift in Sources */ = {isa = PBXBuildFile; fileRef = 263C10012E1746AA00CC1D2A /* ModelDataTests.swift */; };
/* End PBXBuildFile section */

/* Begin PBXFileReference section */
		26371EF32E1735EC00CC1D2A /* Assets.xcassets */ = {isa = PBXFileReference; lastKnownFileType = folder.assetcatalog; path = Assets.xcassets; sourceTree = "<group>"; };
		26371EF42E1735EC00CC1D2A /* CircleImage.swift */ = {isa = PBXFileReference; lastKnownFileType = sourcecode.swift; path = CircleImage.swift; sourceTree = "<group>"; };
		26371EF52E1735EC00CC1D2A /* ContentView.swift */ = {isa = PBXFileReference; lastKnownFileType = sourcecode.swift; path = ContentView.swift; sourceTree = "<group>"; };
		26371EF62E1735EC00CC1D2A /* Landmark.swift */ = {isa = PBXFileReference; lastKnownFileType = sourcecode.swift; path = Landmark.swift; sourceTree = "<group>"; };
		26371EF72E1735EC00CC1D2A /* landmarkData.json */ = {isa = PBXFileReference; lastKnownFileType = text.json; path = landmarkData.json; sourceTree = "<group>"; };
                26371EF82E1735EC00CC1D2A /* LandmarksApp.swift */ = {isa = PBXFileReference; lastKnownFileType = sourcecode.swift; path = LandmarksApp.swift; sourceTree = "<group>"; };
                26371EF92E1735EC00CC1D2A /* MapView.swift */ = {isa = PBXFileReference; lastKnownFileType = sourcecode.swift; path = MapView.swift; sourceTree = "<group>"; };
                26371EFA2E1735EC00CC1D2A /* ModelData.swift */ = {isa = PBXFileReference; lastKnownFileType = sourcecode.swift; path = ModelData.swift; sourceTree = "<group>"; };
                263C10012E1746AA00CC1D2A /* ModelDataTests.swift */ = {isa = PBXFileReference; lastKnownFileType = sourcecode.swift; path = ModelDataTests.swift; sourceTree = "<group>"; };
                263C10022E1746AA00CC1D2A /* LandmarksTests.xctest */ = {isa = PBXFileReference; explicitFileType = wrapper.cfbundle; includeInIndex = 0; path = LandmarksTests.xctest; sourceTree = BUILT_PRODUCTS_DIR; };
                26371F072E1736B800CC1D2A /* LandmarkRow.swift */ = {isa = PBXFileReference; lastKnownFileType = sourcecode.swift; path = LandmarkRow.swift; sourceTree = "<group>"; };
		26371F092E1737F300CC1D2A /* LandmarkList.swift */ = {isa = PBXFileReference; lastKnownFileType = sourcecode.swift; path = LandmarkList.swift; sourceTree = "<group>"; };
		26371F0B2E1738B200CC1D2A /* LandmarkDetail.swift */ = {isa = PBXFileReference; lastKnownFileType = sourcecode.swift; path = LandmarkDetail.swift; sourceTree = "<group>"; };
                26371F0D2E17418700CC1D2A /* FavoriteButton.swift */ = {isa = PBXFileReference; lastKnownFileType = sourcecode.swift; path = FavoriteButton.swift; sourceTree = "<group>"; };
                263F00002E1735EC00CC1D2A /* NPSService.swift */ = {isa = PBXFileReference; lastKnownFileType = sourcecode.swift; path = NPSService.swift; sourceTree = "<group>"; };
                263B9B2D2E17299E00CDED64 /* Landmarks.app */ = {isa = PBXFileReference; explicitFileType = wrapper.application; includeInIndex = 0; path = Landmarks.app; sourceTree = BUILT_PRODUCTS_DIR; };
/* End PBXFileReference section */

/* Begin PBXContainerItemProxy section */
                263C100B2E1746AA00CC1D2A /* PBXContainerItemProxy */ = {
                        isa = PBXContainerItemProxy;
                        containerPortal = 263B9B252E17299E00CDED64 /* Project object */;
                        proxyType = 1;
                        remoteGlobalIDString = 263B9B2C2E17299E00CDED64;
                        remoteInfo = Landmarks;
                };
/* End PBXContainerItemProxy section */

/* Begin PBXTargetDependency section */
                263C100A2E1746AA00CC1D2A /* PBXTargetDependency */ = {
                        isa = PBXTargetDependency;
                        target = 263B9B2C2E17299E00CDED64 /* Landmarks */;
                        targetProxy = 263C100B2E1746AA00CC1D2A /* PBXContainerItemProxy */;
                };
/* End PBXTargetDependency section */

/* Begin PBXFrameworksBuildPhase section */
                263B9B2A2E17299E00CDED64 /* Frameworks */ = {
                        isa = PBXFrameworksBuildPhase;
                        buildActionMask = 2147483647;
                        files = (
                        );
                        runOnlyForDeploymentPostprocessing = 0;
                };
                263C10052E1746AA00CC1D2A /* Frameworks */ = {
                        isa = PBXFrameworksBuildPhase;
                        buildActionMask = 2147483647;
                        files = (
                        );
                        runOnlyForDeploymentPostprocessing = 0;
                };
/* End PBXFrameworksBuildPhase section */

/* Begin PBXGroup section */
		26371EFB2E1735EC00CC1D2A /* Landmarks */ = {
			isa = PBXGroup;
			children = (
				26371F042E17360C00CC1D2A /* Views */,
				26371F052E17362E00CC1D2A /* Model */,
				26371F062E17364500CC1D2A /* Resources */,
				26371EF32E1735EC00CC1D2A /* Assets.xcassets */,
				26371EF82E1735EC00CC1D2A /* LandmarksApp.swift */,
			);
			path = Landmarks;
			sourceTree = "<group>";
		};
		26371F042E17360C00CC1D2A /* Views */ = {
			isa = PBXGroup;
			children = (
				26371F102E1741E200CC1D2A /* Landmarks */,
				26371F0F2E1741CB00CC1D2A /* Helper */,
				26371EF52E1735EC00CC1D2A /* ContentView.swift */,
			);
			path = Views;
			sourceTree = "<group>";
		};
		26371F052E17362E00CC1D2A /* Model */ = {
			isa = PBXGroup;
			children = (
                               26371EF62E1735EC00CC1D2A /* Landmark.swift */,
                               26371EFA2E1735EC00CC1D2A /* ModelData.swift */,
                                263F00002E1735EC00CC1D2A /* NPSService.swift */,
                       );
                       path = Model;
                       sourceTree = "<group>";
               };
		26371F062E17364500CC1D2A /* Resources */ = {
			isa = PBXGroup;
			children = (
				26371EF72E1735EC00CC1D2A /* landmarkData.json */,
			);
			path = Resources;
			sourceTree = "<group>";
		};
		26371F0F2E1741CB00CC1D2A /* Helper */ = {
			isa = PBXGroup;
			children = (
				26371EF42E1735EC00CC1D2A /* CircleImage.swift */,
				26371EF92E1735EC00CC1D2A /* MapView.swift */,
				26371F0D2E17418700CC1D2A /* FavoriteButton.swift */,
			);
			path = Helper;
			sourceTree = "<group>";
		};
                26371F102E1741E200CC1D2A /* Landmarks */ = {
                        isa = PBXGroup;
                        children = (
                                26371F072E1736B800CC1D2A /* LandmarkRow.swift */,
                                26371F092E1737F300CC1D2A /* LandmarkList.swift */,
                                26371F0B2E1738B200CC1D2A /* LandmarkDetail.swift */,
                        );
                        path = Landmarks;
                        sourceTree = "<group>";
                };
                263C10032E1746AA00CC1D2A /* LandmarksTests */ = {
                        isa = PBXGroup;
                        children = (
                                263C10012E1746AA00CC1D2A /* ModelDataTests.swift */,
                        );
                        path = LandmarksTests;
                        sourceTree = "<group>";
                };
                263B9B242E17299E00CDED64 = {
                        isa = PBXGroup;
			children = (
                                26371EFB2E1735EC00CC1D2A /* Landmarks */,
                                263C10032E1746AA00CC1D2A /* LandmarksTests */,
                                263B9B2E2E17299E00CDED64 /* Products */,
                        );
                        sourceTree = "<group>";
                };
                263B9B2E2E17299E00CDED64 /* Products */ = {
                        isa = PBXGroup;
                        children = (
                                263B9B2D2E17299E00CDED64 /* Landmarks.app */,
                                263C10022E1746AA00CC1D2A /* LandmarksTests.xctest */,
                        );
                        name = Products;
                        sourceTree = "<group>";
                };
/* End PBXGroup section */

/* Begin PBXNativeTarget section */
                263B9B2C2E17299E00CDED64 /* Landmarks */ = {
                        isa = PBXNativeTarget;
                        buildConfigurationList = 263B9B382E1729A000CDED64 /* Build configuration list for PBXNativeTarget "Landmarks" */;
                        buildPhases = (
                                263B9B292E17299E00CDED64 /* Sources */,
                                263B9B2A2E17299E00CDED64 /* Frameworks */,
                                263B9B2B2E17299E00CDED64 /* Resources */,
                        );
                        buildRules = (
                        );
                        dependencies = (
                        );
                        name = Landmarks;
                        packageProductDependencies = (
                        );
                        productName = Landmarks;
                        productReference = 263B9B2D2E17299E00CDED64 /* Landmarks.app */;
                        productType = "com.apple.product-type.application";
                };
                263C10062E1746AA00CC1D2A /* LandmarksTests */ = {
                        isa = PBXNativeTarget;
                        buildConfigurationList = 263C10072E1746AA00CC1D2A /* Build configuration list for PBXNativeTarget "LandmarksTests" */;
                        buildPhases = (
                                263C10042E1746AA00CC1D2A /* Sources */,
                                263C10052E1746AA00CC1D2A /* Frameworks */,
                        );
                        buildRules = (
                        );
                        dependencies = (
                                263C100A2E1746AA00CC1D2A /* PBXTargetDependency */,
                        );
                        name = LandmarksTests;
                        packageProductDependencies = (
                        );
                        productName = LandmarksTests;
                        productReference = 263C10022E1746AA00CC1D2A /* LandmarksTests.xctest */;
                        productType = "com.apple.product-type.bundle.unit-test";
                };
/* End PBXNativeTarget section */

/* Begin PBXProject section */
		263B9B252E17299E00CDED64 /* Project object */ = {
			isa = PBXProject;
			attributes = {
				BuildIndependentTargetsInParallel = 1;
				LastSwiftUpdateCheck = 2600;
				LastUpgradeCheck = 2600;
                                TargetAttributes = {
                                        263B9B2C2E17299E00CDED64 = {
                                                CreatedOnToolsVersion = 26.0;
                                        };
                                        263C10062E1746AA00CC1D2A = {
                                                CreatedOnToolsVersion = 26.0;
                                                TestTargetID = 263B9B2C2E17299E00CDED64;
                                        };
                                };
			};
			buildConfigurationList = 263B9B282E17299E00CDED64 /* Build configuration list for PBXProject "Landmarks" */;
			developmentRegion = en;
			hasScannedForEncodings = 0;
			knownRegions = (
				en,
				Base,
			);
			mainGroup = 263B9B242E17299E00CDED64;
			minimizedProjectReferenceProxies = 1;
			preferredProjectObjectVersion = 77;
			productRefGroup = 263B9B2E2E17299E00CDED64 /* Products */;
			projectDirPath = "";
			projectRoot = "";
                        targets = (
                                263B9B2C2E17299E00CDED64 /* Landmarks */,
                                263C10062E1746AA00CC1D2A /* LandmarksTests */,
                        );
                };
/* End PBXProject section */

/* Begin PBXResourcesBuildPhase section */
		263B9B2B2E17299E00CDED64 /* Resources */ = {
			isa = PBXResourcesBuildPhase;
			buildActionMask = 2147483647;
			files = (
				26371F022E1735EC00CC1D2A /* Assets.xcassets in Resources */,
				26371F032E1735EC00CC1D2A /* landmarkData.json in Resources */,
			);
			runOnlyForDeploymentPostprocessing = 0;
		};
/* End PBXResourcesBuildPhase section */

/* Begin PBXSourcesBuildPhase section */
                263B9B292E17299E00CDED64 /* Sources */ = {
                        isa = PBXSourcesBuildPhase;
			buildActionMask = 2147483647;
			files = (
				26371EFC2E1735EC00CC1D2A /* Landmark.swift in Sources */,
				26371EFD2E1735EC00CC1D2A /* LandmarksApp.swift in Sources */,
				26371F0C2E1738B200CC1D2A /* LandmarkDetail.swift in Sources */,
				26371F0E2E17418700CC1D2A /* FavoriteButton.swift in Sources */,
				26371EFE2E1735EC00CC1D2A /* ModelData.swift in Sources */,
				26371F0A2E1737F300CC1D2A /* LandmarkList.swift in Sources */,
				26371EFF2E1735EC00CC1D2A /* ContentView.swift in Sources */,
				26371F002E1735EC00CC1D2A /* CircleImage.swift in Sources */,
                               26371F082E1736B800CC1D2A /* LandmarkRow.swift in Sources */,
                               26371F012E1735EC00CC1D2A /* MapView.swift in Sources */,
                                263F00012E1735EC00CC1D2A /* NPSService.swift in Sources */,
                       );
                       runOnlyForDeploymentPostprocessing = 0;
               };
                263C10042E1746AA00CC1D2A /* Sources */ = {
                        isa = PBXSourcesBuildPhase;
                        buildActionMask = 2147483647;
                        files = (
                                263C10002E1746AA00CC1D2A /* ModelDataTests.swift in Sources */,
                        );
                        runOnlyForDeploymentPostprocessing = 0;
                };
/* End PBXSourcesBuildPhase section */

/* Begin XCBuildConfiguration section */
		263B9B362E1729A000CDED64 /* Debug */ = {
			isa = XCBuildConfiguration;
			buildSettings = {
				ALWAYS_SEARCH_USER_PATHS = NO;
				ASSETCATALOG_COMPILER_GENERATE_SWIFT_ASSET_SYMBOL_EXTENSIONS = YES;
				CLANG_ANALYZER_NONNULL = YES;
				CLANG_ANALYZER_NUMBER_OBJECT_CONVERSION = YES_AGGRESSIVE;
				CLANG_CXX_LANGUAGE_STANDARD = "gnu++20";
				CLANG_ENABLE_MODULES = YES;
				CLANG_ENABLE_OBJC_ARC = YES;
				CLANG_ENABLE_OBJC_WEAK = YES;
				CLANG_WARN_BLOCK_CAPTURE_AUTORELEASING = YES;
				CLANG_WARN_BOOL_CONVERSION = YES;
				CLANG_WARN_COMMA = YES;
				CLANG_WARN_CONSTANT_CONVERSION = YES;
				CLANG_WARN_DEPRECATED_OBJC_IMPLEMENTATIONS = YES;
				CLANG_WARN_DIRECT_OBJC_ISA_USAGE = YES_ERROR;
				CLANG_WARN_DOCUMENTATION_COMMENTS = YES;
				CLANG_WARN_EMPTY_BODY = YES;
				CLANG_WARN_ENUM_CONVERSION = YES;
				CLANG_WARN_INFINITE_RECURSION = YES;
				CLANG_WARN_INT_CONVERSION = YES;
				CLANG_WARN_NON_LITERAL_NULL_CONVERSION = YES;
				CLANG_WARN_OBJC_IMPLICIT_RETAIN_SELF = YES;
				CLANG_WARN_OBJC_LITERAL_CONVERSION = YES;
				CLANG_WARN_OBJC_ROOT_CLASS = YES_ERROR;
				CLANG_WARN_QUOTED_INCLUDE_IN_FRAMEWORK_HEADER = YES;
				CLANG_WARN_RANGE_LOOP_ANALYSIS = YES;
				CLANG_WARN_STRICT_PROTOTYPES = YES;
				CLANG_WARN_SUSPICIOUS_MOVE = YES;
				CLANG_WARN_UNGUARDED_AVAILABILITY = YES_AGGRESSIVE;
				CLANG_WARN_UNREACHABLE_CODE = YES;
				CLANG_WARN__DUPLICATE_METHOD_MATCH = YES;
				COPY_PHASE_STRIP = NO;
				DEBUG_INFORMATION_FORMAT = dwarf;
				DEVELOPMENT_TEAM = GH9T2F6M6B;
				ENABLE_STRICT_OBJC_MSGSEND = YES;
				ENABLE_TESTABILITY = YES;
				ENABLE_USER_SCRIPT_SANDBOXING = YES;
				GCC_C_LANGUAGE_STANDARD = gnu17;
				GCC_DYNAMIC_NO_PIC = NO;
				GCC_NO_COMMON_BLOCKS = YES;
				GCC_OPTIMIZATION_LEVEL = 0;
				GCC_PREPROCESSOR_DEFINITIONS = (
					"DEBUG=1",
					"$(inherited)",
				);
				GCC_WARN_64_TO_32_BIT_CONVERSION = YES;
				GCC_WARN_ABOUT_RETURN_TYPE = YES_ERROR;
				GCC_WARN_UNDECLARED_SELECTOR = YES;
				GCC_WARN_UNINITIALIZED_AUTOS = YES_AGGRESSIVE;
				GCC_WARN_UNUSED_FUNCTION = YES;
				GCC_WARN_UNUSED_VARIABLE = YES;
				IPHONEOS_DEPLOYMENT_TARGET = 26.0;
				LOCALIZATION_PREFERS_STRING_CATALOGS = YES;
				MTL_ENABLE_DEBUG_INFO = INCLUDE_SOURCE;
				MTL_FAST_MATH = YES;
				ONLY_ACTIVE_ARCH = YES;
				SDKROOT = iphoneos;
				SWIFT_ACTIVE_COMPILATION_CONDITIONS = "DEBUG $(inherited)";
				SWIFT_OPTIMIZATION_LEVEL = "-Onone";
			};
			name = Debug;
		};
		263B9B372E1729A000CDED64 /* Release */ = {
			isa = XCBuildConfiguration;
			buildSettings = {
				ALWAYS_SEARCH_USER_PATHS = NO;
				ASSETCATALOG_COMPILER_GENERATE_SWIFT_ASSET_SYMBOL_EXTENSIONS = YES;
				CLANG_ANALYZER_NONNULL = YES;
				CLANG_ANALYZER_NUMBER_OBJECT_CONVERSION = YES_AGGRESSIVE;
				CLANG_CXX_LANGUAGE_STANDARD = "gnu++20";
				CLANG_ENABLE_MODULES = YES;
				CLANG_ENABLE_OBJC_ARC = YES;
				CLANG_ENABLE_OBJC_WEAK = YES;
				CLANG_WARN_BLOCK_CAPTURE_AUTORELEASING = YES;
				CLANG_WARN_BOOL_CONVERSION = YES;
				CLANG_WARN_COMMA = YES;
				CLANG_WARN_CONSTANT_CONVERSION = YES;
				CLANG_WARN_DEPRECATED_OBJC_IMPLEMENTATIONS = YES;
				CLANG_WARN_DIRECT_OBJC_ISA_USAGE = YES_ERROR;
				CLANG_WARN_DOCUMENTATION_COMMENTS = YES;
				CLANG_WARN_EMPTY_BODY = YES;
				CLANG_WARN_ENUM_CONVERSION = YES;
				CLANG_WARN_INFINITE_RECURSION = YES;
				CLANG_WARN_INT_CONVERSION = YES;
				CLANG_WARN_NON_LITERAL_NULL_CONVERSION = YES;
				CLANG_WARN_OBJC_IMPLICIT_RETAIN_SELF = YES;
				CLANG_WARN_OBJC_LITERAL_CONVERSION = YES;
				CLANG_WARN_OBJC_ROOT_CLASS = YES_ERROR;
				CLANG_WARN_QUOTED_INCLUDE_IN_FRAMEWORK_HEADER = YES;
				CLANG_WARN_RANGE_LOOP_ANALYSIS = YES;
				CLANG_WARN_STRICT_PROTOTYPES = YES;
				CLANG_WARN_SUSPICIOUS_MOVE = YES;
				CLANG_WARN_UNGUARDED_AVAILABILITY = YES_AGGRESSIVE;
				CLANG_WARN_UNREACHABLE_CODE = YES;
				CLANG_WARN__DUPLICATE_METHOD_MATCH = YES;
				COPY_PHASE_STRIP = NO;
				DEBUG_INFORMATION_FORMAT = "dwarf-with-dsym";
				DEVELOPMENT_TEAM = GH9T2F6M6B;
				ENABLE_NS_ASSERTIONS = NO;
				ENABLE_STRICT_OBJC_MSGSEND = YES;
				ENABLE_USER_SCRIPT_SANDBOXING = YES;
				GCC_C_LANGUAGE_STANDARD = gnu17;
				GCC_NO_COMMON_BLOCKS = YES;
				GCC_WARN_64_TO_32_BIT_CONVERSION = YES;
				GCC_WARN_ABOUT_RETURN_TYPE = YES_ERROR;
				GCC_WARN_UNDECLARED_SELECTOR = YES;
				GCC_WARN_UNINITIALIZED_AUTOS = YES_AGGRESSIVE;
				GCC_WARN_UNUSED_FUNCTION = YES;
				GCC_WARN_UNUSED_VARIABLE = YES;
				IPHONEOS_DEPLOYMENT_TARGET = 26.0;
				LOCALIZATION_PREFERS_STRING_CATALOGS = YES;
				MTL_ENABLE_DEBUG_INFO = NO;
				MTL_FAST_MATH = YES;
				SDKROOT = iphoneos;
				SWIFT_COMPILATION_MODE = wholemodule;
				VALIDATE_PRODUCT = YES;
			};
			name = Release;
		};
		263B9B392E1729A000CDED64 /* Debug */ = {
			isa = XCBuildConfiguration;
			buildSettings = {
				ASSETCATALOG_COMPILER_APPICON_NAME = AppIcon;
				ASSETCATALOG_COMPILER_GLOBAL_ACCENT_COLOR_NAME = AccentColor;
				CODE_SIGN_STYLE = Automatic;
				CURRENT_PROJECT_VERSION = 1;
				DEVELOPMENT_TEAM = GH9T2F6M6B;
				ENABLE_PREVIEWS = YES;
				GENERATE_INFOPLIST_FILE = YES;
				INFOPLIST_KEY_UIApplicationSceneManifest_Generation = YES;
				INFOPLIST_KEY_UIApplicationSupportsIndirectInputEvents = YES;
				INFOPLIST_KEY_UILaunchScreen_Generation = YES;
				INFOPLIST_KEY_UISupportedInterfaceOrientations_iPad = "UIInterfaceOrientationPortrait UIInterfaceOrientationPortraitUpsideDown UIInterfaceOrientationLandscapeLeft UIInterfaceOrientationLandscapeRight";
				INFOPLIST_KEY_UISupportedInterfaceOrientations_iPhone = "UIInterfaceOrientationPortrait UIInterfaceOrientationLandscapeLeft UIInterfaceOrientationLandscapeRight";
				LD_RUNPATH_SEARCH_PATHS = (
					"$(inherited)",
					"@executable_path/Frameworks",
				);
				MARKETING_VERSION = 1.0;
				PRODUCT_BUNDLE_IDENTIFIER = com.steven.hawk.Landmarks;
				PRODUCT_NAME = "$(TARGET_NAME)";
				STRING_CATALOG_GENERATE_SYMBOLS = YES;
				SWIFT_DEFAULT_ACTOR_ISOLATION = MainActor;
				SWIFT_EMIT_LOC_STRINGS = YES;
				SWIFT_UPCOMING_FEATURE_MEMBER_IMPORT_VISIBILITY = YES;
				SWIFT_VERSION = 5.0;
				TARGETED_DEVICE_FAMILY = "1,2";
			};
			name = Debug;
		};
                263B9B3A2E1729A000CDED64 /* Release */ = {
                        isa = XCBuildConfiguration;
                        buildSettings = {
                                ASSETCATALOG_COMPILER_APPICON_NAME = AppIcon;
				ASSETCATALOG_COMPILER_GLOBAL_ACCENT_COLOR_NAME = AccentColor;
				CODE_SIGN_STYLE = Automatic;
				CURRENT_PROJECT_VERSION = 1;
				DEVELOPMENT_TEAM = GH9T2F6M6B;
				ENABLE_PREVIEWS = YES;
				GENERATE_INFOPLIST_FILE = YES;
				INFOPLIST_KEY_UIApplicationSceneManifest_Generation = YES;
				INFOPLIST_KEY_UIApplicationSupportsIndirectInputEvents = YES;
				INFOPLIST_KEY_UILaunchScreen_Generation = YES;
				INFOPLIST_KEY_UISupportedInterfaceOrientations_iPad = "UIInterfaceOrientationPortrait UIInterfaceOrientationPortraitUpsideDown UIInterfaceOrientationLandscapeLeft UIInterfaceOrientationLandscapeRight";
				INFOPLIST_KEY_UISupportedInterfaceOrientations_iPhone = "UIInterfaceOrientationPortrait UIInterfaceOrientationLandscapeLeft UIInterfaceOrientationLandscapeRight";
				LD_RUNPATH_SEARCH_PATHS = (
					"$(inherited)",
					"@executable_path/Frameworks",
				);
				MARKETING_VERSION = 1.0;
				PRODUCT_BUNDLE_IDENTIFIER = com.steven.hawk.Landmarks;
				PRODUCT_NAME = "$(TARGET_NAME)";
				STRING_CATALOG_GENERATE_SYMBOLS = YES;
				SWIFT_DEFAULT_ACTOR_ISOLATION = MainActor;
				SWIFT_EMIT_LOC_STRINGS = YES;
				SWIFT_UPCOMING_FEATURE_MEMBER_IMPORT_VISIBILITY = YES;
				SWIFT_VERSION = 5.0;
				TARGETED_DEVICE_FAMILY = "1,2";
			};
                        name = Release;
                };
                263C10082E1746AA00CC1D2A /* Debug */ = {
                        isa = XCBuildConfiguration;
                        buildSettings = {
                                PRODUCT_BUNDLE_IDENTIFIER = com.steven.hawk.LandmarksTests;
                                DEVELOPMENT_TEAM = GH9T2F6M6B;
                                GENERATE_INFOPLIST_FILE = YES;
                                SWIFT_VERSION = 5.0;
                                TEST_TARGET_NAME = Landmarks;
                                TEST_HOST = "$(BUILT_PRODUCTS_DIR)/Landmarks.app/Landmarks";
                                BUNDLE_LOADER = "$(TEST_HOST)";
                        };
                        name = Debug;
                };
                263C10092E1746AA00CC1D2A /* Release */ = {
                        isa = XCBuildConfiguration;
                        buildSettings = {
                                PRODUCT_BUNDLE_IDENTIFIER = com.steven.hawk.LandmarksTests;
                                DEVELOPMENT_TEAM = GH9T2F6M6B;
                                GENERATE_INFOPLIST_FILE = YES;
                                SWIFT_VERSION = 5.0;
                                TEST_TARGET_NAME = Landmarks;
                                TEST_HOST = "$(BUILT_PRODUCTS_DIR)/Landmarks.app/Landmarks";
                                BUNDLE_LOADER = "$(TEST_HOST)";
                        };
                        name = Release;
                };
/* End XCBuildConfiguration section */

/* Begin XCConfigurationList section */
                263B9B282E17299E00CDED64 /* Build configuration list for PBXProject "Landmarks" */ = {
                        isa = XCConfigurationList;
			buildConfigurations = (
				263B9B362E1729A000CDED64 /* Debug */,
				263B9B372E1729A000CDED64 /* Release */,
			);
			defaultConfigurationIsVisible = 0;
                        defaultConfigurationName = Release;
                };
                263C10072E1746AA00CC1D2A /* Build configuration list for PBXNativeTarget "LandmarksTests" */ = {
                        isa = XCConfigurationList;
                        buildConfigurations = (
                                263C10082E1746AA00CC1D2A /* Debug */,
                                263C10092E1746AA00CC1D2A /* Release */,
                        );
                        defaultConfigurationIsVisible = 0;
                        defaultConfigurationName = Release;
                };
                263B9B382E1729A000CDED64 /* Build configuration list for PBXNativeTarget "Landmarks" */ = {
                        isa = XCConfigurationList;
                        buildConfigurations = (
                                263B9B392E1729A000CDED64 /* Debug */,
                                263B9B3A2E1729A000CDED64 /* Release */,
			);
			defaultConfigurationIsVisible = 0;
			defaultConfigurationName = Release;
		};
/* End XCConfigurationList section */
	};
	rootObject = 263B9B252E17299E00CDED64 /* Project object */;
}
